
Microsoft Visual Studio Solution File, Format Version 12.00
# Visual Studio Version 17
VisualStudioVersion = 17.14.36414.22
MinimumVisualStudioVersion = 10.0.40219.1
Project("{FAE04EC0-301F-11D3-BF4B-00C04F79EFBC}") = "UI.NumerosAleatorios", "UI.NumerosAleatorios\UI.NumerosAleatorios.csproj", "{802CD2FB-7C6C-45A0-82E1-05557EF76753}"
EndProject
Project("{FAE04EC0-301F-11D3-BF4B-00C04F79EFBC}") = "FuncionesLambda", "FuncionesLambda\FuncionesLambda.csproj", "{64F4C9A2-868A-4D45-9C2A-9BAF9BA3F8A3}"
EndProject
Project("{FAE04EC0-301F-11D3-BF4B-00C04F79EFBC}") = "ComplejidadAlgoritmos", "ComplejidadAlgoritmos\ComplejidadAlgoritmos.csproj", "{6A6F13A6-2C15-42CC-B6E5-8AFBF206CFF5}"
EndProject
Project("{FAE04EC0-301F-11D3-BF4B-00C04F79EFBC}") = "Promedio", "Promedio\Promedio.csproj", "{5A3713CC-0CDE-44B2-BD50-276E2E94AE2E}"
EndProject
Project("{FAE04EC0-301F-11D3-BF4B-00C04F79EFBC}") = "Menor", "Menor\Menor.csproj", "{65803BBC-E21B-470E-B6A7-3F1315892C3A}"
EndProject
Project("{FAE04EC0-301F-11D3-BF4B-00C04F79EFBC}") = "Mayor", "Mayor\Mayor.csproj", "{9F3CC7FA-99E7-4C15-9935-4F57F2DD4C38}"
EndProject
Project("{FAE04EC0-301F-11D3-BF4B-00C04F79EFBC}") = "String", "String\String.csproj", "{ED9906F8-C87F-4DAA-B65F-0F408B5281DF}"
EndProject
Global
	GlobalSection(SolutionConfigurationPlatforms) = preSolution
		Debug|Any CPU = Debug|Any CPU
		Release|Any CPU = Release|Any CPU
	EndGlobalSection
	GlobalSection(ProjectConfigurationPlatforms) = postSolution
		{802CD2FB-7C6C-45A0-82E1-05557EF76753}.Debug|Any CPU.ActiveCfg = Debug|Any CPU
		{802CD2FB-7C6C-45A0-82E1-05557EF76753}.Debug|Any CPU.Build.0 = Debug|Any CPU
		{802CD2FB-7C6C-45A0-82E1-05557EF76753}.Release|Any CPU.ActiveCfg = Release|Any CPU
		{802CD2FB-7C6C-45A0-82E1-05557EF76753}.Release|Any CPU.Build.0 = Release|Any CPU
		{64F4C9A2-868A-4D45-9C2A-9BAF9BA3F8A3}.Debug|Any CPU.ActiveCfg = Debug|Any CPU
		{64F4C9A2-868A-4D45-9C2A-9BAF9BA3F8A3}.Debug|Any CPU.Build.0 = Debug|Any CPU
		{64F4C9A2-868A-4D45-9C2A-9BAF9BA3F8A3}.Release|Any CPU.ActiveCfg = Release|Any CPU
		{64F4C9A2-868A-4D45-9C2A-9BAF9BA3F8A3}.Release|Any CPU.Build.0 = Release|Any CPU
		{6A6F13A6-2C15-42CC-B6E5-8AFBF206CFF5}.Debug|Any CPU.ActiveCfg = Debug|Any CPU
		{6A6F13A6-2C15-42CC-B6E5-8AFBF206CFF5}.Debug|Any CPU.Build.0 = Debug|Any CPU
		{6A6F13A6-2C15-42CC-B6E5-8AFBF206CFF5}.Release|Any CPU.ActiveCfg = Release|Any CPU
		{6A6F13A6-2C15-42CC-B6E5-8AFBF206CFF5}.Release|Any CPU.Build.0 = Release|Any CPU
		{5A3713CC-0CDE-44B2-BD50-276E2E94AE2E}.Debug|Any CPU.ActiveCfg = Debug|Any CPU
		{5A3713CC-0CDE-44B2-BD50-276E2E94AE2E}.Debug|Any CPU.Build.0 = Debug|Any CPU
		{5A3713CC-0CDE-44B2-BD50-276E2E94AE2E}.Release|Any CPU.ActiveCfg = Release|Any CPU
		{5A3713CC-0CDE-44B2-BD50-276E2E94AE2E}.Release|Any CPU.Build.0 = Release|Any CPU
		{65803BBC-E21B-470E-B6A7-3F1315892C3A}.Debug|Any CPU.ActiveCfg = Debug|Any CPU
		{65803BBC-E21B-470E-B6A7-3F1315892C3A}.Debug|Any CPU.Build.0 = Debug|Any CPU
		{65803BBC-E21B-470E-B6A7-3F1315892C3A}.Release|Any CPU.ActiveCfg = Release|Any CPU
		{65803BBC-E21B-470E-B6A7-3F1315892C3A}.Release|Any CPU.Build.0 = Release|Any CPU
		{9F3CC7FA-99E7-4C15-9935-4F57F2DD4C38}.Debug|Any CPU.ActiveCfg = Debug|Any CPU
		{9F3CC7FA-99E7-4C15-9935-4F57F2DD4C38}.Debug|Any CPU.Build.0 = Debug|Any CPU
		{9F3CC7FA-99E7-4C15-9935-4F57F2DD4C38}.Release|Any CPU.ActiveCfg = Release|Any CPU
		{9F3CC7FA-99E7-4C15-9935-4F57F2DD4C38}.Release|Any CPU.Build.0 = Release|Any CPU
		{ED9906F8-C87F-4DAA-B65F-0F408B5281DF}.Debug|Any CPU.ActiveCfg = Debug|Any CPU
		{ED9906F8-C87F-4DAA-B65F-0F408B5281DF}.Debug|Any CPU.Build.0 = Debug|Any CPU
		{ED9906F8-C87F-4DAA-B65F-0F408B5281DF}.Release|Any CPU.ActiveCfg = Release|Any CPU
		{ED9906F8-C87F-4DAA-B65F-0F408B5281DF}.Release|Any CPU.Build.0 = Release|Any CPU
	EndGlobalSection
	GlobalSection(SolutionProperties) = preSolution
		HideSolutionNode = FALSE
	EndGlobalSection
	GlobalSection(ExtensibilityGlobals) = postSolution
		SolutionGuid = {D0AB3FE4-565A-4BA7-B590-1EF1FAAE813C}
	EndGlobalSection
EndGlobal
